// !$*UTF8*$!
{
	archiveVersion = 1;
	classes = {
	};
	objectVersion = 51;
	objects = {

/* Begin PBXBuildFile section */
		49C6461D607FFD0E7AFBAAB0 /* Pods_S_A_Wijethunga_COBSCComp181p_004.framework in Frameworks */ = {isa = PBXBuildFile; fileRef = E25450ABD65C64B6324CC73B /* Pods_S_A_Wijethunga_COBSCComp181p_004.framework */; };
		8C2379E1237D86BC00DA9710 /* AppDelegate.swift in Sources */ = {isa = PBXBuildFile; fileRef = 8C2379E0237D86BC00DA9710 /* AppDelegate.swift */; };
		8C2379E6237D86BC00DA9710 /* Home.storyboard in Resources */ = {isa = PBXBuildFile; fileRef = 8C2379E4237D86BC00DA9710 /* Home.storyboard */; };
		8C2379E9237D86BC00DA9710 /* S_A_Wijethunga_COBSCComp181p_004.xcdatamodeld in Sources */ = {isa = PBXBuildFile; fileRef = 8C2379E7237D86BC00DA9710 /* S_A_Wijethunga_COBSCComp181p_004.xcdatamodeld */; };
		8C2379EB237D86BC00DA9710 /* Assets.xcassets in Resources */ = {isa = PBXBuildFile; fileRef = 8C2379EA237D86BC00DA9710 /* Assets.xcassets */; };
		8C2379EE237D86BC00DA9710 /* LaunchScreen.storyboard in Resources */ = {isa = PBXBuildFile; fileRef = 8C2379EC237D86BC00DA9710 /* LaunchScreen.storyboard */; };
		8C63BA78238422FB004BA9B6 /* SignInViewController.swift in Sources */ = {isa = PBXBuildFile; fileRef = 8C63BA77238422FB004BA9B6 /* SignInViewController.swift */; };
		8C96741E237D8F180070BC02 /* ViewController.swift in Sources */ = {isa = PBXBuildFile; fileRef = 8C96741D237D8F180070BC02 /* ViewController.swift */; };
		8C967420237D8F360070BC02 /* MenuViewController.swift in Sources */ = {isa = PBXBuildFile; fileRef = 8C96741F237D8F360070BC02 /* MenuViewController.swift */; };
		8C97FDD0238427D600ED7259 /* GoogleService-Info.plist in Resources */ = {isa = PBXBuildFile; fileRef = 8C97FDCF238427D600ED7259 /* GoogleService-Info.plist */; };
		8C97FDD22384313300ED7259 /* Utils.swift in Sources */ = {isa = PBXBuildFile; fileRef = 8C97FDD12384313300ED7259 /* Utils.swift */; };
		8CC8B4992386CB6F00C19146 /* PostMethod.swift in Sources */ = {isa = PBXBuildFile; fileRef = 8CC8B4982386CB6F00C19146 /* PostMethod.swift */; };
		D9FBCB802387CB9200905C50 /* AddPostViewController.swift in Sources */ = {isa = PBXBuildFile; fileRef = D9FBCB7F2387CB9200905C50 /* AddPostViewController.swift */; };
		D9FBCB822387D8FC00905C50 /* HomeViewController.swift in Sources */ = {isa = PBXBuildFile; fileRef = D9FBCB812387D8FC00905C50 /* HomeViewController.swift */; };
		D9FBCB842387D9F700905C50 /* PostCell.swift in Sources */ = {isa = PBXBuildFile; fileRef = D9FBCB832387D9F700905C50 /* PostCell.swift */; };
		FA31ACE8238250DB00BA28D7 /* Main.storyboard in Resources */ = {isa = PBXBuildFile; fileRef = FA31ACE7238250DB00BA28D7 /* Main.storyboard */; };
/* End PBXBuildFile section */

/* Begin PBXFileReference section */
		16AE2A1A8BAF63CA45AB9F7D /* Pods-S.A-Wijethunga-COBSCComp181p-004.debug.xcconfig */ = {isa = PBXFileReference; includeInIndex = 1; lastKnownFileType = text.xcconfig; name = "Pods-S.A-Wijethunga-COBSCComp181p-004.debug.xcconfig"; path = "Target Support Files/Pods-S.A-Wijethunga-COBSCComp181p-004/Pods-S.A-Wijethunga-COBSCComp181p-004.debug.xcconfig"; sourceTree = "<group>"; };
		19FB79A9A312908F9E6A1A82 /* Pods-S.A-Wijethunga-COBSCComp181p-004.release.xcconfig */ = {isa = PBXFileReference; includeInIndex = 1; lastKnownFileType = text.xcconfig; name = "Pods-S.A-Wijethunga-COBSCComp181p-004.release.xcconfig"; path = "Target Support Files/Pods-S.A-Wijethunga-COBSCComp181p-004/Pods-S.A-Wijethunga-COBSCComp181p-004.release.xcconfig"; sourceTree = "<group>"; };
		8C2379DD237D86BC00DA9710 /* S.A-Wijethunga-COBSCComp181p-004.app */ = {isa = PBXFileReference; explicitFileType = wrapper.application; includeInIndex = 0; path = "S.A-Wijethunga-COBSCComp181p-004.app"; sourceTree = BUILT_PRODUCTS_DIR; };
		8C2379E0237D86BC00DA9710 /* AppDelegate.swift */ = {isa = PBXFileReference; lastKnownFileType = sourcecode.swift; path = AppDelegate.swift; sourceTree = "<group>"; };
		8C2379E5237D86BC00DA9710 /* Base */ = {isa = PBXFileReference; lastKnownFileType = file.storyboard; name = Base; path = Base.lproj/Home.storyboard; sourceTree = "<group>"; };
		8C2379E8237D86BC00DA9710 /* S_A_Wijethunga_COBSCComp181p_004.xcdatamodel */ = {isa = PBXFileReference; lastKnownFileType = wrapper.xcdatamodel; path = S_A_Wijethunga_COBSCComp181p_004.xcdatamodel; sourceTree = "<group>"; };
		8C2379EA237D86BC00DA9710 /* Assets.xcassets */ = {isa = PBXFileReference; lastKnownFileType = folder.assetcatalog; path = Assets.xcassets; sourceTree = "<group>"; };
		8C2379ED237D86BC00DA9710 /* Base */ = {isa = PBXFileReference; lastKnownFileType = file.storyboard; name = Base; path = Base.lproj/LaunchScreen.storyboard; sourceTree = "<group>"; };
		8C2379EF237D86BC00DA9710 /* Info.plist */ = {isa = PBXFileReference; lastKnownFileType = text.plist.xml; path = Info.plist; sourceTree = "<group>"; };
		8C63BA77238422FB004BA9B6 /* SignInViewController.swift */ = {isa = PBXFileReference; lastKnownFileType = sourcecode.swift; path = SignInViewController.swift; sourceTree = "<group>"; };
		8C96741D237D8F180070BC02 /* ViewController.swift */ = {isa = PBXFileReference; lastKnownFileType = sourcecode.swift; path = ViewController.swift; sourceTree = "<group>"; };
		8C96741F237D8F360070BC02 /* MenuViewController.swift */ = {isa = PBXFileReference; lastKnownFileType = sourcecode.swift; path = MenuViewController.swift; sourceTree = "<group>"; };
		8C97FDCF238427D600ED7259 /* GoogleService-Info.plist */ = {isa = PBXFileReference; fileEncoding = 4; lastKnownFileType = text.plist.xml; path = "GoogleService-Info.plist"; sourceTree = "<group>"; };
		8C97FDD12384313300ED7259 /* Utils.swift */ = {isa = PBXFileReference; lastKnownFileType = sourcecode.swift; path = Utils.swift; sourceTree = "<group>"; };
		8CC8B4982386CB6F00C19146 /* PostMethod.swift */ = {isa = PBXFileReference; lastKnownFileType = sourcecode.swift; path = PostMethod.swift; sourceTree = "<group>"; };
		D9FBCB7F2387CB9200905C50 /* AddPostViewController.swift */ = {isa = PBXFileReference; lastKnownFileType = sourcecode.swift; path = AddPostViewController.swift; sourceTree = "<group>"; };
		D9FBCB812387D8FC00905C50 /* HomeViewController.swift */ = {isa = PBXFileReference; lastKnownFileType = sourcecode.swift; path = HomeViewController.swift; sourceTree = "<group>"; };
		D9FBCB832387D9F700905C50 /* PostCell.swift */ = {isa = PBXFileReference; lastKnownFileType = sourcecode.swift; name = PostCell.swift; path = "S.A-Wijethunga-COBSCComp181p-004/View Controller/PostCell.swift"; sourceTree = SOURCE_ROOT; };
		E25450ABD65C64B6324CC73B /* Pods_S_A_Wijethunga_COBSCComp181p_004.framework */ = {isa = PBXFileReference; explicitFileType = wrapper.framework; includeInIndex = 0; path = Pods_S_A_Wijethunga_COBSCComp181p_004.framework; sourceTree = BUILT_PRODUCTS_DIR; };
		FA31ACE7238250DB00BA28D7 /* Main.storyboard */ = {isa = PBXFileReference; lastKnownFileType = file.storyboard; path = Main.storyboard; sourceTree = "<group>"; };
/* End PBXFileReference section */

/* Begin PBXFrameworksBuildPhase section */
		8C2379DA237D86BC00DA9710 /* Frameworks */ = {
			isa = PBXFrameworksBuildPhase;
			buildActionMask = 2147483647;
			files = (
				49C6461D607FFD0E7AFBAAB0 /* Pods_S_A_Wijethunga_COBSCComp181p_004.framework in Frameworks */,
			);
			runOnlyForDeploymentPostprocessing = 0;
		};
/* End PBXFrameworksBuildPhase section */

/* Begin PBXGroup section */
		8C2379D4237D86BC00DA9710 = {
			isa = PBXGroup;
			children = (
				8C2379DF237D86BC00DA9710 /* S.A-Wijethunga-COBSCComp181p-004 */,
				8C2379DE237D86BC00DA9710 /* Products */,
				B630C6C850FCCB097715AE51 /* Pods */,
				9449B7E2D1CC04F77A9D9F4C /* Frameworks */,
			);
			sourceTree = "<group>";
		};
		8C2379DE237D86BC00DA9710 /* Products */ = {
			isa = PBXGroup;
			children = (
				8C2379DD237D86BC00DA9710 /* S.A-Wijethunga-COBSCComp181p-004.app */,
			);
			name = Products;
			sourceTree = "<group>";
		};
		8C2379DF237D86BC00DA9710 /* S.A-Wijethunga-COBSCComp181p-004 */ = {
			isa = PBXGroup;
			children = (
				8CC8B49A2386CBEF00C19146 /* Cell View */,
				8CC8B4972386CB3000C19146 /* Models */,
				8C63BA76238422B9004BA9B6 /* View Controller */,
				FA31ACE623824E9000BA28D7 /* Storyboards */,
				8C2379E0237D86BC00DA9710 /* AppDelegate.swift */,
				8C2379EA237D86BC00DA9710 /* Assets.xcassets */,
				8C2379EC237D86BC00DA9710 /* LaunchScreen.storyboard */,
				8C2379EF237D86BC00DA9710 /* Info.plist */,
				8C2379E7237D86BC00DA9710 /* S_A_Wijethunga_COBSCComp181p_004.xcdatamodeld */,
				8C96741D237D8F180070BC02 /* ViewController.swift */,
				8C96741F237D8F360070BC02 /* MenuViewController.swift */,
				8C97FDCF238427D600ED7259 /* GoogleService-Info.plist */,
				8C97FDD12384313300ED7259 /* Utils.swift */,
			);
			path = "S.A-Wijethunga-COBSCComp181p-004";
			sourceTree = "<group>";
		};
		8C63BA76238422B9004BA9B6 /* View Controller */ = {
			isa = PBXGroup;
			children = (
				8C63BA77238422FB004BA9B6 /* SignInViewController.swift */,
				D9FBCB7F2387CB9200905C50 /* AddPostViewController.swift */,
				D9FBCB812387D8FC00905C50 /* HomeViewController.swift */,
			);
			path = "View Controller";
			sourceTree = "<group>";
		};
		8CC8B4972386CB3000C19146 /* Models */ = {
			isa = PBXGroup;
			children = (
				8CC8B4982386CB6F00C19146 /* PostMethod.swift */,
			);
			path = Models;
			sourceTree = "<group>";
		};
		8CC8B49A2386CBEF00C19146 /* Cell View */ = {
			isa = PBXGroup;
			children = (
				D9FBCB832387D9F700905C50 /* PostCell.swift */,
			);
			path = "Cell View";
			sourceTree = "<group>";
		};
		9449B7E2D1CC04F77A9D9F4C /* Frameworks */ = {
			isa = PBXGroup;
			children = (
				E25450ABD65C64B6324CC73B /* Pods_S_A_Wijethunga_COBSCComp181p_004.framework */,
			);
			name = Frameworks;
			sourceTree = "<group>";
		};
		B630C6C850FCCB097715AE51 /* Pods */ = {
			isa = PBXGroup;
			children = (
				16AE2A1A8BAF63CA45AB9F7D /* Pods-S.A-Wijethunga-COBSCComp181p-004.debug.xcconfig */,
				19FB79A9A312908F9E6A1A82 /* Pods-S.A-Wijethunga-COBSCComp181p-004.release.xcconfig */,
			);
			path = Pods;
			sourceTree = "<group>";
		};
		FA31ACE623824E9000BA28D7 /* Storyboards */ = {
			isa = PBXGroup;
			children = (
				8C2379E4237D86BC00DA9710 /* Home.storyboard */,
				FA31ACE7238250DB00BA28D7 /* Main.storyboard */,
			);
			path = Storyboards;
			sourceTree = "<group>";
		};
/* End PBXGroup section */

/* Begin PBXNativeTarget section */
		8C2379DC237D86BC00DA9710 /* S.A-Wijethunga-COBSCComp181p-004 */ = {
			isa = PBXNativeTarget;
			buildConfigurationList = 8C2379F2237D86BC00DA9710 /* Build configuration list for PBXNativeTarget "S.A-Wijethunga-COBSCComp181p-004" */;
			buildPhases = (
				59D2142813A9A1EF7CD4CE5D /* [CP] Check Pods Manifest.lock */,
				8C2379D9237D86BC00DA9710 /* Sources */,
				8C2379DA237D86BC00DA9710 /* Frameworks */,
				8C2379DB237D86BC00DA9710 /* Resources */,
				D366E5163F8C51E63F02D3A6 /* [CP] Embed Pods Frameworks */,
			);
			buildRules = (
			);
			dependencies = (
			);
			name = "S.A-Wijethunga-COBSCComp181p-004";
			productName = "S.A-Wijethunga-COBSCComp181p-004";
			productReference = 8C2379DD237D86BC00DA9710 /* S.A-Wijethunga-COBSCComp181p-004.app */;
			productType = "com.apple.product-type.application";
		};
/* End PBXNativeTarget section */

/* Begin PBXProject section */
		8C2379D5237D86BC00DA9710 /* Project object */ = {
			isa = PBXProject;
			attributes = {
				LastSwiftUpdateCheck = 1010;
				LastUpgradeCheck = 1010;
				ORGANIZATIONNAME = "Digital-02";
				TargetAttributes = {
					8C2379DC237D86BC00DA9710 = {
						CreatedOnToolsVersion = 10.1;
					};
				};
			};
			buildConfigurationList = 8C2379D8237D86BC00DA9710 /* Build configuration list for PBXProject "S.A-Wijethunga-COBSCComp181p-004" */;
			compatibilityVersion = "Xcode 9.3";
			developmentRegion = en;
			hasScannedForEncodings = 0;
			knownRegions = (
				en,
				Base,
			);
			mainGroup = 8C2379D4237D86BC00DA9710;
			productRefGroup = 8C2379DE237D86BC00DA9710 /* Products */;
			projectDirPath = "";
			projectRoot = "";
			targets = (
				8C2379DC237D86BC00DA9710 /* S.A-Wijethunga-COBSCComp181p-004 */,
			);
		};
/* End PBXProject section */

/* Begin PBXResourcesBuildPhase section */
		8C2379DB237D86BC00DA9710 /* Resources */ = {
			isa = PBXResourcesBuildPhase;
			buildActionMask = 2147483647;
			files = (
				8C2379EE237D86BC00DA9710 /* LaunchScreen.storyboard in Resources */,
				8C2379EB237D86BC00DA9710 /* Assets.xcassets in Resources */,
				8C97FDD0238427D600ED7259 /* GoogleService-Info.plist in Resources */,
				8C2379E6237D86BC00DA9710 /* Home.storyboard in Resources */,
				FA31ACE8238250DB00BA28D7 /* Main.storyboard in Resources */,
			);
			runOnlyForDeploymentPostprocessing = 0;
		};
/* End PBXResourcesBuildPhase section */

/* Begin PBXShellScriptBuildPhase section */
		59D2142813A9A1EF7CD4CE5D /* [CP] Check Pods Manifest.lock */ = {
			isa = PBXShellScriptBuildPhase;
			buildActionMask = 2147483647;
			files = (
			);
			inputFileListPaths = (
			);
			inputPaths = (
				"${PODS_PODFILE_DIR_PATH}/Podfile.lock",
				"${PODS_ROOT}/Manifest.lock",
			);
			name = "[CP] Check Pods Manifest.lock";
			outputFileListPaths = (
			);
			outputPaths = (
				"$(DERIVED_FILE_DIR)/Pods-S.A-Wijethunga-COBSCComp181p-004-checkManifestLockResult.txt",
			);
			runOnlyForDeploymentPostprocessing = 0;
			shellPath = /bin/sh;
			shellScript = "diff \"${PODS_PODFILE_DIR_PATH}/Podfile.lock\" \"${PODS_ROOT}/Manifest.lock\" > /dev/null\nif [ $? != 0 ] ; then\n    # print error to STDERR\n    echo \"error: The sandbox is not in sync with the Podfile.lock. Run 'pod install' or update your CocoaPods installation.\" >&2\n    exit 1\nfi\n# This output is used by Xcode 'outputs' to avoid re-running this script phase.\necho \"SUCCESS\" > \"${SCRIPT_OUTPUT_FILE_0}\"\n";
			showEnvVarsInLog = 0;
		};
		D366E5163F8C51E63F02D3A6 /* [CP] Embed Pods Frameworks */ = {
			isa = PBXShellScriptBuildPhase;
			buildActionMask = 2147483647;
			files = (
			);
			inputFileListPaths = (
				"${PODS_ROOT}/Target Support Files/Pods-S.A-Wijethunga-COBSCComp181p-004/Pods-S.A-Wijethunga-COBSCComp181p-004-frameworks-${CONFIGURATION}-input-files.xcfilelist",
			);
			name = "[CP] Embed Pods Frameworks";
			outputFileListPaths = (
				"${PODS_ROOT}/Target Support Files/Pods-S.A-Wijethunga-COBSCComp181p-004/Pods-S.A-Wijethunga-COBSCComp181p-004-frameworks-${CONFIGURATION}-output-files.xcfilelist",
			);
			runOnlyForDeploymentPostprocessing = 0;
			shellPath = /bin/sh;
			shellScript = "\"${PODS_ROOT}/Target Support Files/Pods-S.A-Wijethunga-COBSCComp181p-004/Pods-S.A-Wijethunga-COBSCComp181p-004-frameworks.sh\"\n";
			showEnvVarsInLog = 0;
		};
/* End PBXShellScriptBuildPhase section */

/* Begin PBXSourcesBuildPhase section */
		8C2379D9237D86BC00DA9710 /* Sources */ = {
			isa = PBXSourcesBuildPhase;
			buildActionMask = 2147483647;
			files = (
				8C96741E237D8F180070BC02 /* ViewController.swift in Sources */,
				8C2379E9237D86BC00DA9710 /* S_A_Wijethunga_COBSCComp181p_004.xcdatamodeld in Sources */,
				8C2379E1237D86BC00DA9710 /* AppDelegate.swift in Sources */,
				8C63BA78238422FB004BA9B6 /* SignInViewController.swift in Sources */,
				D9FBCB802387CB9200905C50 /* AddPostViewController.swift in Sources */,
				D9FBCB822387D8FC00905C50 /* HomeViewController.swift in Sources */,
				8C967420237D8F360070BC02 /* MenuViewController.swift in Sources */,
				8CC8B4992386CB6F00C19146 /* PostMethod.swift in Sources */,
				8C97FDD22384313300ED7259 /* Utils.swift in Sources */,
				D9FBCB842387D9F700905C50 /* PostCell.swift in Sources */,
			);
			runOnlyForDeploymentPostprocessing = 0;
		};
/* End PBXSourcesBuildPhase section */

/* Begin PBXVariantGroup section */
		8C2379E4237D86BC00DA9710 /* Home.storyboard */ = {
			isa = PBXVariantGroup;
			children = (
				8C2379E5237D86BC00DA9710 /* Base */,
			);
			name = Home.storyboard;
			sourceTree = "<group>";
		};
		8C2379EC237D86BC00DA9710 /* LaunchScreen.storyboard */ = {
			isa = PBXVariantGroup;
			children = (
				8C2379ED237D86BC00DA9710 /* Base */,
			);
			name = LaunchScreen.storyboard;
			sourceTree = "<group>";
		};
/* End PBXVariantGroup section */

/* Begin XCBuildConfiguration section */
		8C2379F0237D86BC00DA9710 /* Debug */ = {
			isa = XCBuildConfiguration;
			buildSettings = {
				ALWAYS_SEARCH_USER_PATHS = NO;
				CLANG_ANALYZER_NONNULL = YES;
				CLANG_ANALYZER_NUMBER_OBJECT_CONVERSION = YES_AGGRESSIVE;
				CLANG_CXX_LANGUAGE_STANDARD = "gnu++14";
				CLANG_CXX_LIBRARY = "libc++";
				CLANG_ENABLE_MODULES = YES;
				CLANG_ENABLE_OBJC_ARC = YES;
				CLANG_ENABLE_OBJC_WEAK = YES;
				CLANG_WARN_BLOCK_CAPTURE_AUTORELEASING = YES;
				CLANG_WARN_BOOL_CONVERSION = YES;
				CLANG_WARN_COMMA = YES;
				CLANG_WARN_CONSTANT_CONVERSION = YES;
				CLANG_WARN_DEPRECATED_OBJC_IMPLEMENTATIONS = YES;
				CLANG_WARN_DIRECT_OBJC_ISA_USAGE = YES_ERROR;
				CLANG_WARN_DOCUMENTATION_COMMENTS = YES;
				CLANG_WARN_EMPTY_BODY = YES;
				CLANG_WARN_ENUM_CONVERSION = YES;
				CLANG_WARN_INFINITE_RECURSION = YES;
				CLANG_WARN_INT_CONVERSION = YES;
				CLANG_WARN_NON_LITERAL_NULL_CONVERSION = YES;
				CLANG_WARN_OBJC_IMPLICIT_RETAIN_SELF = YES;
				CLANG_WARN_OBJC_LITERAL_CONVERSION = YES;
				CLANG_WARN_OBJC_ROOT_CLASS = YES_ERROR;
				CLANG_WARN_RANGE_LOOP_ANALYSIS = YES;
				CLANG_WARN_STRICT_PROTOTYPES = YES;
				CLANG_WARN_SUSPICIOUS_MOVE = YES;
				CLANG_WARN_UNGUARDED_AVAILABILITY = YES_AGGRESSIVE;
				CLANG_WARN_UNREACHABLE_CODE = YES;
				CLANG_WARN__DUPLICATE_METHOD_MATCH = YES;
				CODE_SIGN_IDENTITY = "iPhone Developer";
				COPY_PHASE_STRIP = NO;
				DEBUG_INFORMATION_FORMAT = dwarf;
				ENABLE_STRICT_OBJC_MSGSEND = YES;
				ENABLE_TESTABILITY = YES;
				GCC_C_LANGUAGE_STANDARD = gnu11;
				GCC_DYNAMIC_NO_PIC = NO;
				GCC_NO_COMMON_BLOCKS = YES;
				GCC_OPTIMIZATION_LEVEL = 0;
				GCC_PREPROCESSOR_DEFINITIONS = (
					"DEBUG=1",
					"$(inherited)",
				);
				GCC_WARN_64_TO_32_BIT_CONVERSION = YES;
				GCC_WARN_ABOUT_RETURN_TYPE = YES_ERROR;
				GCC_WARN_UNDECLARED_SELECTOR = YES;
				GCC_WARN_UNINITIALIZED_AUTOS = YES_AGGRESSIVE;
				GCC_WARN_UNUSED_FUNCTION = YES;
				GCC_WARN_UNUSED_VARIABLE = YES;
				IPHONEOS_DEPLOYMENT_TARGET = 12.1;
				MTL_ENABLE_DEBUG_INFO = INCLUDE_SOURCE;
				MTL_FAST_MATH = YES;
				ONLY_ACTIVE_ARCH = YES;
				SDKROOT = iphoneos;
				SWIFT_ACTIVE_COMPILATION_CONDITIONS = DEBUG;
				SWIFT_OPTIMIZATION_LEVEL = "-Onone";
			};
			name = Debug;
		};
		8C2379F1237D86BC00DA9710 /* Release */ = {
			isa = XCBuildConfiguration;
			buildSettings = {
				ALWAYS_SEARCH_USER_PATHS = NO;
				CLANG_ANALYZER_NONNULL = YES;
				CLANG_ANALYZER_NUMBER_OBJECT_CONVERSION = YES_AGGRESSIVE;
				CLANG_CXX_LANGUAGE_STANDARD = "gnu++14";
				CLANG_CXX_LIBRARY = "libc++";
				CLANG_ENABLE_MODULES = YES;
				CLANG_ENABLE_OBJC_ARC = YES;
				CLANG_ENABLE_OBJC_WEAK = YES;
				CLANG_WARN_BLOCK_CAPTURE_AUTORELEASING = YES;
				CLANG_WARN_BOOL_CONVERSION = YES;
				CLANG_WARN_COMMA = YES;
				CLANG_WARN_CONSTANT_CONVERSION = YES;
				CLANG_WARN_DEPRECATED_OBJC_IMPLEMENTATIONS = YES;
				CLANG_WARN_DIRECT_OBJC_ISA_USAGE = YES_ERROR;
				CLANG_WARN_DOCUMENTATION_COMMENTS = YES;
				CLANG_WARN_EMPTY_BODY = YES;
				CLANG_WARN_ENUM_CONVERSION = YES;
				CLANG_WARN_INFINITE_RECURSION = YES;
				CLANG_WARN_INT_CONVERSION = YES;
				CLANG_WARN_NON_LITERAL_NULL_CONVERSION = YES;
				CLANG_WARN_OBJC_IMPLICIT_RETAIN_SELF = YES;
				CLANG_WARN_OBJC_LITERAL_CONVERSION = YES;
				CLANG_WARN_OBJC_ROOT_CLASS = YES_ERROR;
				CLANG_WARN_RANGE_LOOP_ANALYSIS = YES;
				CLANG_WARN_STRICT_PROTOTYPES = YES;
				CLANG_WARN_SUSPICIOUS_MOVE = YES;
				CLANG_WARN_UNGUARDED_AVAILABILITY = YES_AGGRESSIVE;
				CLANG_WARN_UNREACHABLE_CODE = YES;
				CLANG_WARN__DUPLICATE_METHOD_MATCH = YES;
				CODE_SIGN_IDENTITY = "iPhone Developer";
				COPY_PHASE_STRIP = NO;
				DEBUG_INFORMATION_FORMAT = "dwarf-with-dsym";
				ENABLE_NS_ASSERTIONS = NO;
				ENABLE_STRICT_OBJC_MSGSEND = YES;
				GCC_C_LANGUAGE_STANDARD = gnu11;
				GCC_NO_COMMON_BLOCKS = YES;
				GCC_WARN_64_TO_32_BIT_CONVERSION = YES;
				GCC_WARN_ABOUT_RETURN_TYPE = YES_ERROR;
				GCC_WARN_UNDECLARED_SELECTOR = YES;
				GCC_WARN_UNINITIALIZED_AUTOS = YES_AGGRESSIVE;
				GCC_WARN_UNUSED_FUNCTION = YES;
				GCC_WARN_UNUSED_VARIABLE = YES;
				IPHONEOS_DEPLOYMENT_TARGET = 12.1;
				MTL_ENABLE_DEBUG_INFO = NO;
				MTL_FAST_MATH = YES;
				SDKROOT = iphoneos;
				SWIFT_COMPILATION_MODE = wholemodule;
				SWIFT_OPTIMIZATION_LEVEL = "-O";
				VALIDATE_PRODUCT = YES;
			};
			name = Release;
		};
		8C2379F3237D86BC00DA9710 /* Debug */ = {
			isa = XCBuildConfiguration;
			baseConfigurationReference = 16AE2A1A8BAF63CA45AB9F7D /* Pods-S.A-Wijethunga-COBSCComp181p-004.debug.xcconfig */;
			buildSettings = {
				ASSETCATALOG_COMPILER_APPICON_NAME = AppIcon;
				CODE_SIGN_STYLE = Automatic;
				INFOPLIST_FILE = "S.A-Wijethunga-COBSCComp181p-004/Info.plist";
				LD_RUNPATH_SEARCH_PATHS = (
					"$(inherited)",
					"@executable_path/Frameworks",
				);
				PRODUCT_BUNDLE_IDENTIFIER = "com.nibm.Assignment.S-A-Wijethunga-COBSCComp181p-004";
				PRODUCT_NAME = "$(TARGET_NAME)";
				SWIFT_VERSION = 4.2;
				TARGETED_DEVICE_FAMILY = "1,2";
			};
			name = Debug;
		};
		8C2379F4237D86BC00DA9710 /* Release */ = {
			isa = XCBuildConfiguration;
			baseConfigurationReference = 19FB79A9A312908F9E6A1A82 /* Pods-S.A-Wijethunga-COBSCComp181p-004.release.xcconfig */;
			buildSettings = {
				ASSETCATALOG_COMPILER_APPICON_NAME = AppIcon;
				CODE_SIGN_STYLE = Automatic;
				INFOPLIST_FILE = "S.A-Wijethunga-COBSCComp181p-004/Info.plist";
				LD_RUNPATH_SEARCH_PATHS = (
					"$(inherited)",
					"@executable_path/Frameworks",
				);
				PRODUCT_BUNDLE_IDENTIFIER = "com.nibm.Assignment.S-A-Wijethunga-COBSCComp181p-004";
				PRODUCT_NAME = "$(TARGET_NAME)";
				SWIFT_VERSION = 4.2;
				TARGETED_DEVICE_FAMILY = "1,2";
			};
			name = Release;
		};
/* End XCBuildConfiguration section */

/* Begin XCConfigurationList section */
		8C2379D8237D86BC00DA9710 /* Build configuration list for PBXProject "S.A-Wijethunga-COBSCComp181p-004" */ = {
			isa = XCConfigurationList;
			buildConfigurations = (
				8C2379F0237D86BC00DA9710 /* Debug */,
				8C2379F1237D86BC00DA9710 /* Release */,
			);
			defaultConfigurationIsVisible = 0;
			defaultConfigurationName = Release;
		};
		8C2379F2237D86BC00DA9710 /* Build configuration list for PBXNativeTarget "S.A-Wijethunga-COBSCComp181p-004" */ = {
			isa = XCConfigurationList;
			buildConfigurations = (
				8C2379F3237D86BC00DA9710 /* Debug */,
				8C2379F4237D86BC00DA9710 /* Release */,
			);
			defaultConfigurationIsVisible = 0;
			defaultConfigurationName = Release;
		};
/* End XCConfigurationList section */

/* Begin XCVersionGroup section */
		8C2379E7237D86BC00DA9710 /* S_A_Wijethunga_COBSCComp181p_004.xcdatamodeld */ = {
			isa = XCVersionGroup;
			children = (
				8C2379E8237D86BC00DA9710 /* S_A_Wijethunga_COBSCComp181p_004.xcdatamodel */,
			);
			currentVersion = 8C2379E8237D86BC00DA9710 /* S_A_Wijethunga_COBSCComp181p_004.xcdatamodel */;
			path = S_A_Wijethunga_COBSCComp181p_004.xcdatamodeld;
			sourceTree = "<group>";
			versionGroupType = wrapper.xcdatamodel;
		};
/* End XCVersionGroup section */
	};
	rootObject = 8C2379D5237D86BC00DA9710 /* Project object */;
}
